{
  "name": "FullStack-developer",
  "lockfileVersion": 2,
  "requires": true,
  "packages": {
    "": {
      "dependencies": {
        "cookies-utils": "^1.0.0"
      }
    },
    "node_modules/cookies-utils": {
      "version": "1.0.0",
      "resolved": "https://registry.npmjs.org/cookies-utils/-/cookies-utils-1.0.0.tgz",
      "integrity": "sha512-CgE1fbj62ImsdE74ffsXhYUjiLFtL5vyBrvYGbGl6lbYTOhnWu91gP524tSZs1ujrZ1iYLdqNT8zSIkWW0rnOQ=="
    }
  },
  "dependencies": {
    "cookies-utils": {
      "version": "1.0.0",
      "resolved": "https://registry.npmjs.org/cookies-utils/-/cookies-utils-1.0.0.tgz",
      "integrity": "sha512-CgE1fbj62ImsdE74ffsXhYUjiLFtL5vyBrvYGbGl6lbYTOhnWu91gP524tSZs1ujrZ1iYLdqNT8zSIkWW0rnOQ=="
    }
  }
}
